// !$*UTF8*$!
{
	archiveVersion = 1;
	classes = {
	};
	objectVersion = 46;
	objects = {

/* Begin PBXBuildFile section */
		A74927201E00A4340032B804 /* AppDelegate.swift in Sources */ = {isa = PBXBuildFile; fileRef = A749271F1E00A4340032B804 /* AppDelegate.swift */; };
		A74927221E00A4340032B804 /* ViewController.swift in Sources */ = {isa = PBXBuildFile; fileRef = A74927211E00A4340032B804 /* ViewController.swift */; };
		A74927251E00A4340032B804 /* Main.storyboard in Resources */ = {isa = PBXBuildFile; fileRef = A74927231E00A4340032B804 /* Main.storyboard */; };
		A74927271E00A4340032B804 /* Assets.xcassets in Resources */ = {isa = PBXBuildFile; fileRef = A74927261E00A4340032B804 /* Assets.xcassets */; };
		A749272A1E00A4340032B804 /* LaunchScreen.storyboard in Resources */ = {isa = PBXBuildFile; fileRef = A74927281E00A4340032B804 /* LaunchScreen.storyboard */; };
		A74927351E00A4350032B804 /* PartyRockAppTests.swift in Sources */ = {isa = PBXBuildFile; fileRef = A74927341E00A4350032B804 /* PartyRockAppTests.swift */; };
/* End PBXBuildFile section */

/* Begin PBXContainerItemProxy section */
		A74927311E00A4350032B804 /* PBXContainerItemProxy */ = {
			isa = PBXContainerItemProxy;
			containerPortal = A74927141E00A4340032B804 /* Project object */;
			proxyType = 1;
			remoteGlobalIDString = A749271B1E00A4340032B804;
			remoteInfo = PartyRockApp;
		};
/* End PBXContainerItemProxy section */

/* Begin PBXFileReference section */
		A749271C1E00A4340032B804 /* PartyRockApp.app */ = {isa = PBXFileReference; explicitFileType = wrapper.application; includeInIndex = 0; path = PartyRockApp.app; sourceTree = BUILT_PRODUCTS_DIR; };
		A749271F1E00A4340032B804 /* AppDelegate.swift */ = {isa = PBXFileReference; lastKnownFileType = sourcecode.swift; path = AppDelegate.swift; sourceTree = "<group>"; };
		A74927211E00A4340032B804 /* ViewController.swift */ = {isa = PBXFileReference; lastKnownFileType = sourcecode.swift; path = ViewController.swift; sourceTree = "<group>"; };
		A74927241E00A4340032B804 /* Base */ = {isa = PBXFileReference; lastKnownFileType = file.storyboard; name = Base; path = Base.lproj/Main.storyboard; sourceTree = "<group>"; };
		A74927261E00A4340032B804 /* Assets.xcassets */ = {isa = PBXFileReference; lastKnownFileType = folder.assetcatalog; path = Assets.xcassets; sourceTree = "<group>"; };
		A74927291E00A4340032B804 /* Base */ = {isa = PBXFileReference; lastKnownFileType = file.storyboard; name = Base; path = Base.lproj/LaunchScreen.storyboard; sourceTree = "<group>"; };
		A749272B1E00A4340032B804 /* Info.plist */ = {isa = PBXFileReference; lastKnownFileType = text.plist.xml; path = Info.plist; sourceTree = "<group>"; };
		A74927301E00A4350032B804 /* PartyRockAppTests.xctest */ = {isa = PBXFileReference; explicitFileType = wrapper.cfbundle; includeInIndex = 0; path = PartyRockAppTests.xctest; sourceTree = BUILT_PRODUCTS_DIR; };
		A74927341E00A4350032B804 /* PartyRockAppTests.swift */ = {isa = PBXFileReference; lastKnownFileType = sourcecode.swift; path = PartyRockAppTests.swift; sourceTree = "<group>"; };
		A74927361E00A4350032B804 /* Info.plist */ = {isa = PBXFileReference; lastKnownFileType = text.plist.xml; path = Info.plist; sourceTree = "<group>"; };
/* End PBXFileReference section */

/* Begin PBXFrameworksBuildPhase section */
		A74927191E00A4340032B804 /* Frameworks */ = {
			isa = PBXFrameworksBuildPhase;
			buildActionMask = 2147483647;
			files = (
			);
			runOnlyForDeploymentPostprocessing = 0;
		};
		A749272D1E00A4350032B804 /* Frameworks */ = {
			isa = PBXFrameworksBuildPhase;
			buildActionMask = 2147483647;
			files = (
			);
			runOnlyForDeploymentPostprocessing = 0;
		};
/* End PBXFrameworksBuildPhase section */

/* Begin PBXGroup section */
		A74927131E00A4340032B804 = {
			isa = PBXGroup;
			children = (
				A749271E1E00A4340032B804 /* PartyRockApp */,
				A74927331E00A4350032B804 /* PartyRockAppTests */,
				A749271D1E00A4340032B804 /* Products */,
			);
			sourceTree = "<group>";
		};
		A749271D1E00A4340032B804 /* Products */ = {
			isa = PBXGroup;
			children = (
				A749271C1E00A4340032B804 /* PartyRockApp.app */,
				A74927301E00A4350032B804 /* PartyRockAppTests.xctest */,
			);
			name = Products;
			sourceTree = "<group>";
		};
		A749271E1E00A4340032B804 /* PartyRockApp */ = {
			isa = PBXGroup;
			children = (
				A749271F1E00A4340032B804 /* AppDelegate.swift */,
				A74927211E00A4340032B804 /* ViewController.swift */,
				A74927231E00A4340032B804 /* Main.storyboard */,
				A74927261E00A4340032B804 /* Assets.xcassets */,
				A74927281E00A4340032B804 /* LaunchScreen.storyboard */,
				A749272B1E00A4340032B804 /* Info.plist */,
			);
			path = PartyRockApp;
			sourceTree = "<group>";
		};
		A74927331E00A4350032B804 /* PartyRockAppTests */ = {
			isa = PBXGroup;
			children = (
				A74927341E00A4350032B804 /* PartyRockAppTests.swift */,
				A74927361E00A4350032B804 /* Info.plist */,
			);
			path = PartyRockAppTests;
			sourceTree = "<group>";
		};
/* End PBXGroup section */

/* Begin PBXNativeTarget section */
		A749271B1E00A4340032B804 /* PartyRockApp */ = {
			isa = PBXNativeTarget;
			buildConfigurationList = A74927391E00A4350032B804 /* Build configuration list for PBXNativeTarget "PartyRockApp" */;
			buildPhases = (
				A74927181E00A4340032B804 /* Sources */,
				A74927191E00A4340032B804 /* Frameworks */,
				A749271A1E00A4340032B804 /* Resources */,
			);
			buildRules = (
			);
			dependencies = (
			);
			name = PartyRockApp;
			productName = PartyRockApp;
			productReference = A749271C1E00A4340032B804 /* PartyRockApp.app */;
			productType = "com.apple.product-type.application";
		};
		A749272F1E00A4350032B804 /* PartyRockAppTests */ = {
			isa = PBXNativeTarget;
			buildConfigurationList = A749273C1E00A4350032B804 /* Build configuration list for PBXNativeTarget "PartyRockAppTests" */;
			buildPhases = (
				A749272C1E00A4350032B804 /* Sources */,
				A749272D1E00A4350032B804 /* Frameworks */,
				A749272E1E00A4350032B804 /* Resources */,
			);
			buildRules = (
			);
			dependencies = (
				A74927321E00A4350032B804 /* PBXTargetDependency */,
			);
			name = PartyRockAppTests;
			productName = PartyRockAppTests;
			productReference = A74927301E00A4350032B804 /* PartyRockAppTests.xctest */;
			productType = "com.apple.product-type.bundle.unit-test";
		};
/* End PBXNativeTarget section */

/* Begin PBXProject section */
		A74927141E00A4340032B804 /* Project object */ = {
			isa = PBXProject;
			attributes = {
				LastSwiftUpdateCheck = 0810;
				LastUpgradeCheck = 0810;
				ORGANIZATIONNAME = "Grant Rosario";
				TargetAttributes = {
					A749271B1E00A4340032B804 = {
						CreatedOnToolsVersion = 8.1;
						DevelopmentTeam = BEFKP7RQEK;
						ProvisioningStyle = Automatic;
					};
					A749272F1E00A4350032B804 = {
						CreatedOnToolsVersion = 8.1;
						DevelopmentTeam = BEFKP7RQEK;
						ProvisioningStyle = Automatic;
						TestTargetID = A749271B1E00A4340032B804;
					};
				};
			};
			buildConfigurationList = A74927171E00A4340032B804 /* Build configuration list for PBXProject "PartyRockApp" */;
			compatibilityVersion = "Xcode 3.2";
			developmentRegion = English;
			hasScannedForEncodings = 0;
			knownRegions = (
				en,
				Base,
			);
			mainGroup = A74927131E00A4340032B804;
			productRefGroup = A749271D1E00A4340032B804 /* Products */;
			projectDirPath = "";
			projectRoot = "";
			targets = (
				A749271B1E00A4340032B804 /* PartyRockApp */,
				A749272F1E00A4350032B804 /* PartyRockAppTests */,
			);
		};
/* End PBXProject section */

/* Begin PBXResourcesBuildPhase section */
		A749271A1E00A4340032B804 /* Resources */ = {
			isa = PBXResourcesBuildPhase;
			buildActionMask = 2147483647;
			files = (
				A749272A1E00A4340032B804 /* LaunchScreen.storyboard in Resources */,
				A74927271E00A4340032B804 /* Assets.xcassets in Resources */,
				A74927251E00A4340032B804 /* Main.storyboard in Resources */,
			);
			runOnlyForDeploymentPostprocessing = 0;
		};
		A749272E1E00A4350032B804 /* Resources */ = {
			isa = PBXResourcesBuildPhase;
			buildActionMask = 2147483647;
			files = (
			);
			runOnlyForDeploymentPostprocessing = 0;
		};
/* End PBXResourcesBuildPhase section */

/* Begin PBXSourcesBuildPhase section */
		A74927181E00A4340032B804 /* Sources */ = {
			isa = PBXSourcesBuildPhase;
			buildActionMask = 2147483647;
			files = (
				A74927221E00A4340032B804 /* ViewController.swift in Sources */,
				A74927201E00A4340032B804 /* AppDelegate.swift in Sources */,
			);
			runOnlyForDeploymentPostprocessing = 0;
		};
		A749272C1E00A4350032B804 /* Sources */ = {
			isa = PBXSourcesBuildPhase;
			buildActionMask = 2147483647;
			files = (
				A74927351E00A4350032B804 /* PartyRockAppTests.swift in Sources */,
			);
			runOnlyForDeploymentPostprocessing = 0;
		};
/* End PBXSourcesBuildPhase section */

/* Begin PBXTargetDependency section */
		A74927321E00A4350032B804 /* PBXTargetDependency */ = {
			isa = PBXTargetDependency;
			target = A749271B1E00A4340032B804 /* PartyRockApp */;
			targetProxy = A74927311E00A4350032B804 /* PBXContainerItemProxy */;
		};
/* End PBXTargetDependency section */

/* Begin PBXVariantGroup section */
		A74927231E00A4340032B804 /* Main.storyboard */ = {
			isa = PBXVariantGroup;
			children = (
				A74927241E00A4340032B804 /* Base */,
			);
			name = Main.storyboard;
			sourceTree = "<group>";
		};
		A74927281E00A4340032B804 /* LaunchScreen.storyboard */ = {
			isa = PBXVariantGroup;
			children = (
				A74927291E00A4340032B804 /* Base */,
			);
			name = LaunchScreen.storyboard;
			sourceTree = "<group>";
		};
/* End PBXVariantGroup section */

/* Begin XCBuildConfiguration section */
		A74927371E00A4350032B804 /* Debug */ = {
			isa = XCBuildConfiguration;
			buildSettings = {
				ALWAYS_SEARCH_USER_PATHS = NO;
				CLANG_ANALYZER_NONNULL = YES;
				CLANG_CXX_LANGUAGE_STANDARD = "gnu++0x";
				CLANG_CXX_LIBRARY = "libc++";
				CLANG_ENABLE_MODULES = YES;
				CLANG_ENABLE_OBJC_ARC = YES;
				CLANG_WARN_BOOL_CONVERSION = YES;
				CLANG_WARN_CONSTANT_CONVERSION = YES;
				CLANG_WARN_DIRECT_OBJC_ISA_USAGE = YES_ERROR;
				CLANG_WARN_DOCUMENTATION_COMMENTS = YES;
				CLANG_WARN_EMPTY_BODY = YES;
				CLANG_WARN_ENUM_CONVERSION = YES;
				CLANG_WARN_INFINITE_RECURSION = YES;
				CLANG_WARN_INT_CONVERSION = YES;
				CLANG_WARN_OBJC_ROOT_CLASS = YES_ERROR;
				CLANG_WARN_SUSPICIOUS_MOVES = YES;
				CLANG_WARN_UNREACHABLE_CODE = YES;
				CLANG_WARN__DUPLICATE_METHOD_MATCH = YES;
				"CODE_SIGN_IDENTITY[sdk=iphoneos*]" = "iPhone Developer";
				COPY_PHASE_STRIP = NO;
				DEBUG_INFORMATION_FORMAT = dwarf;
				ENABLE_STRICT_OBJC_MSGSEND = YES;
				ENABLE_TESTABILITY = YES;
				GCC_C_LANGUAGE_STANDARD = gnu99;
				GCC_DYNAMIC_NO_PIC = NO;
				GCC_NO_COMMON_BLOCKS = YES;
				GCC_OPTIMIZATION_LEVEL = 0;
				GCC_PREPROCESSOR_DEFINITIONS = (
					"DEBUG=1",
					"$(inherited)",
				);
				GCC_WARN_64_TO_32_BIT_CONVERSION = YES;
				GCC_WARN_ABOUT_RETURN_TYPE = YES_ERROR;
				GCC_WARN_UNDECLARED_SELECTOR = YES;
				GCC_WARN_UNINITIALIZED_AUTOS = YES_AGGRESSIVE;
				GCC_WARN_UNUSED_FUNCTION = YES;
				GCC_WARN_UNUSED_VARIABLE = YES;
				IPHONEOS_DEPLOYMENT_TARGET = 10.1;
				MTL_ENABLE_DEBUG_INFO = YES;
				ONLY_ACTIVE_ARCH = YES;
				SDKROOT = iphoneos;
				SWIFT_ACTIVE_COMPILATION_CONDITIONS = DEBUG;
				SWIFT_OPTIMIZATION_LEVEL = "-Onone";
				TARGETED_DEVICE_FAMILY = "1,2";
			};
			name = Debug;
		};
		A74927381E00A4350032B804 /* Release */ = {
			isa = XCBuildConfiguration;
			buildSettings = {
				ALWAYS_SEARCH_USER_PATHS = NO;
				CLANG_ANALYZER_NONNULL = YES;
				CLANG_CXX_LANGUAGE_STANDARD = "gnu++0x";
				CLANG_CXX_LIBRARY = "libc++";
				CLANG_ENABLE_MODULES = YES;
				CLANG_ENABLE_OBJC_ARC = YES;
				CLANG_WARN_BOOL_CONVERSION = YES;
				CLANG_WARN_CONSTANT_CONVERSION = YES;
				CLANG_WARN_DIRECT_OBJC_ISA_USAGE = YES_ERROR;
				CLANG_WARN_DOCUMENTATION_COMMENTS = YES;
				CLANG_WARN_EMPTY_BODY = YES;
				CLANG_WARN_ENUM_CONVERSION = YES;
				CLANG_WARN_INFINITE_RECURSION = YES;
				CLANG_WARN_INT_CONVERSION = YES;
				CLANG_WARN_OBJC_ROOT_CLASS = YES_ERROR;
				CLANG_WARN_SUSPICIOUS_MOVES = YES;
				CLANG_WARN_UNREACHABLE_CODE = YES;
				CLANG_WARN__DUPLICATE_METHOD_MATCH = YES;
				"CODE_SIGN_IDENTITY[sdk=iphoneos*]" = "iPhone Developer";
				COPY_PHASE_STRIP = NO;
				DEBUG_INFORMATION_FORMAT = "dwarf-with-dsym";
				ENABLE_NS_ASSERTIONS = NO;
				ENABLE_STRICT_OBJC_MSGSEND = YES;
				GCC_C_LANGUAGE_STANDARD = gnu99;
				GCC_NO_COMMON_BLOCKS = YES;
				GCC_WARN_64_TO_32_BIT_CONVERSION = YES;
				GCC_WARN_ABOUT_RETURN_TYPE = YES_ERROR;
				GCC_WARN_UNDECLARED_SELECTOR = YES;
				GCC_WARN_UNINITIALIZED_AUTOS = YES_AGGRESSIVE;
				GCC_WARN_UNUSED_FUNCTION = YES;
				GCC_WARN_UNUSED_VARIABLE = YES;
				IPHONEOS_DEPLOYMENT_TARGET = 10.1;
				MTL_ENABLE_DEBUG_INFO = NO;
				SDKROOT = iphoneos;
				SWIFT_OPTIMIZATION_LEVEL = "-Owholemodule";
				TARGETED_DEVICE_FAMILY = "1,2";
				VALIDATE_PRODUCT = YES;
			};
			name = Release;
		};
		A749273A1E00A4350032B804 /* Debug */ = {
			isa = XCBuildConfiguration;
			buildSettings = {
				ASSETCATALOG_COMPILER_APPICON_NAME = AppIcon;
				DEVELOPMENT_TEAM = BEFKP7RQEK;
				INFOPLIST_FILE = PartyRockApp/Info.plist;
				LD_RUNPATH_SEARCH_PATHS = "$(inherited) @executable_path/Frameworks";
				PRODUCT_BUNDLE_IDENTIFIER = com.example.PartyRockApp;
				PRODUCT_NAME = "$(TARGET_NAME)";
				SWIFT_VERSION = 3.0;
			};
			name = Debug;
		};
		A749273B1E00A4350032B804 /* Release */ = {
			isa = XCBuildConfiguration;
			buildSettings = {
				ASSETCATALOG_COMPILER_APPICON_NAME = AppIcon;
				DEVELOPMENT_TEAM = BEFKP7RQEK;
				INFOPLIST_FILE = PartyRockApp/Info.plist;
				LD_RUNPATH_SEARCH_PATHS = "$(inherited) @executable_path/Frameworks";
				PRODUCT_BUNDLE_IDENTIFIER = com.example.PartyRockApp;
				PRODUCT_NAME = "$(TARGET_NAME)";
				SWIFT_VERSION = 3.0;
			};
			name = Release;
		};
		A749273D1E00A4350032B804 /* Debug */ = {
			isa = XCBuildConfiguration;
			buildSettings = {
				ALWAYS_EMBED_SWIFT_STANDARD_LIBRARIES = YES;
				BUNDLE_LOADER = "$(TEST_HOST)";
				DEVELOPMENT_TEAM = BEFKP7RQEK;
				INFOPLIST_FILE = PartyRockAppTests/Info.plist;
				LD_RUNPATH_SEARCH_PATHS = "$(inherited) @executable_path/Frameworks @loader_path/Frameworks";
				PRODUCT_BUNDLE_IDENTIFIER = com.example.PartyRockAppTests;
				PRODUCT_NAME = "$(TARGET_NAME)";
				SWIFT_VERSION = 3.0;
				TEST_HOST = "$(BUILT_PRODUCTS_DIR)/PartyRockApp.app/PartyRockApp";
			};
			name = Debug;
		};
		A749273E1E00A4350032B804 /* Release */ = {
			isa = XCBuildConfiguration;
			buildSettings = {
				ALWAYS_EMBED_SWIFT_STANDARD_LIBRARIES = YES;
				BUNDLE_LOADER = "$(TEST_HOST)";
				DEVELOPMENT_TEAM = BEFKP7RQEK;
				INFOPLIST_FILE = PartyRockAppTests/Info.plist;
				LD_RUNPATH_SEARCH_PATHS = "$(inherited) @executable_path/Frameworks @loader_path/Frameworks";
				PRODUCT_BUNDLE_IDENTIFIER = com.example.PartyRockAppTests;
				PRODUCT_NAME = "$(TARGET_NAME)";
				SWIFT_VERSION = 3.0;
				TEST_HOST = "$(BUILT_PRODUCTS_DIR)/PartyRockApp.app/PartyRockApp";
			};
			name = Release;
		};
/* End XCBuildConfiguration section */

/* Begin XCConfigurationList section */
		A74927171E00A4340032B804 /* Build configuration list for PBXProject "PartyRockApp" */ = {
			isa = XCConfigurationList;
			buildConfigurations = (
				A74927371E00A4350032B804 /* Debug */,
				A74927381E00A4350032B804 /* Release */,
			);
			defaultConfigurationIsVisible = 0;
			defaultConfigurationName = Release;
		};
		A74927391E00A4350032B804 /* Build configuration list for PBXNativeTarget "PartyRockApp" */ = {
			isa = XCConfigurationList;
			buildConfigurations = (
				A749273A1E00A4350032B804 /* Debug */,
				A749273B1E00A4350032B804 /* Release */,
			);
			defaultConfigurationIsVisible = 0;
		};
		A749273C1E00A4350032B804 /* Build configuration list for PBXNativeTarget "PartyRockAppTests" */ = {
			isa = XCConfigurationList;
			buildConfigurations = (
				A749273D1E00A4350032B804 /* Debug */,
				A749273E1E00A4350032B804 /* Release */,
			);
			defaultConfigurationIsVisible = 0;
		};
/* End XCConfigurationList section */
	};
	rootObject = A74927141E00A4340032B804 /* Project object */;
}
